
Microsoft Visual Studio Solution File, Format Version 12.00
# Visual Studio 2017
Project("{FAE04EC0-301F-11D3-BF4B-00C04F79EFBC}") = "HoloTestSergeyShamov", "HoloTestSergeyShamov.csproj", "{369AB6E8-E1B0-DDAF-D3D9-A296316ADBEE}"
EndProject
Project("{FAE04EC0-301F-11D3-BF4B-00C04F79EFBC}") = "HoloTestSergeyShamov.Editor", "HoloTestSergeyShamov.Editor.csproj", "{3735B02E-77A4-1CF3-2BE1-B1A314970185}"
EndProject
Global
	GlobalSection(SolutionConfigurationPlatforms) = preSolution
		Debug|Any CPU = Debug|Any CPU
		Release|Any CPU = Release|Any CPU
	EndGlobalSection
	GlobalSection(ProjectConfigurationPlatforms) = postSolution
		{369AB6E8-E1B0-DDAF-D3D9-A296316ADBEE}.Debug|Any CPU.ActiveCfg = Debug|Any CPU
		{369AB6E8-E1B0-DDAF-D3D9-A296316ADBEE}.Debug|Any CPU.Build.0 = Debug|Any CPU
		{369AB6E8-E1B0-DDAF-D3D9-A296316ADBEE}.Release|Any CPU.ActiveCfg = Release|Any CPU
		{369AB6E8-E1B0-DDAF-D3D9-A296316ADBEE}.Release|Any CPU.Build.0 = Release|Any CPU
		{3735B02E-77A4-1CF3-2BE1-B1A314970185}.Debug|Any CPU.ActiveCfg = Debug|Any CPU
		{3735B02E-77A4-1CF3-2BE1-B1A314970185}.Debug|Any CPU.Build.0 = Debug|Any CPU
		{3735B02E-77A4-1CF3-2BE1-B1A314970185}.Release|Any CPU.ActiveCfg = Release|Any CPU
		{3735B02E-77A4-1CF3-2BE1-B1A314970185}.Release|Any CPU.Build.0 = Release|Any CPU
	EndGlobalSection
	GlobalSection(SolutionProperties) = preSolution
		HideSolutionNode = FALSE
	EndGlobalSection
EndGlobal
